
Microsoft Visual Studio Solution File, Format Version 12.00
Project("{FAE04EC0-301F-11D3-BF4B-00C04F79EFBC}") = "RefactorSample", "RefactorSample\RefactorSample.csproj", "{15D9AF1B-9737-4345-B7EA-782C6416605F}"
EndProject
Global
	GlobalSection(SolutionConfigurationPlatforms) = preSolution
		Debug|Any CPU = Debug|Any CPU
		Release|Any CPU = Release|Any CPU
	EndGlobalSection
	GlobalSection(ProjectConfigurationPlatforms) = postSolution
		{15D9AF1B-9737-4345-B7EA-782C6416605F}.Debug|Any CPU.ActiveCfg = Debug|Any CPU
		{15D9AF1B-9737-4345-B7EA-782C6416605F}.Debug|Any CPU.Build.0 = Debug|Any CPU
		{15D9AF1B-9737-4345-B7EA-782C6416605F}.Release|Any CPU.ActiveCfg = Release|Any CPU
		{15D9AF1B-9737-4345-B7EA-782C6416605F}.Release|Any CPU.Build.0 = Release|Any CPU
	EndGlobalSection
EndGlobal
